
Microsoft Visual Studio Solution File, Format Version 12.00
# Visual Studio Version 17
VisualStudioVersion = 17.7.34031.279
MinimumVisualStudioVersion = 10.0.40219.1
Project("{FAE04EC0-301F-11D3-BF4B-00C04F79EFBC}") = "Лаба 6", "Лаба 6.csproj", "{F1499B57-8AB8-4A77-8FFA-0ABAE2BCF98C}"
EndProject
Global
	GlobalSection(SolutionConfigurationPlatforms) = preSolution
		Debug|Any CPU = Debug|Any CPU
		Release|Any CPU = Release|Any CPU
	EndGlobalSection
	GlobalSection(ProjectConfigurationPlatforms) = postSolution
		{F1499B57-8AB8-4A77-8FFA-0ABAE2BCF98C}.Debug|Any CPU.ActiveCfg = Debug|Any CPU
		{F1499B57-8AB8-4A77-8FFA-0ABAE2BCF98C}.Debug|Any CPU.Build.0 = Debug|Any CPU
		{F1499B57-8AB8-4A77-8FFA-0ABAE2BCF98C}.Release|Any CPU.ActiveCfg = Release|Any CPU
		{F1499B57-8AB8-4A77-8FFA-0ABAE2BCF98C}.Release|Any CPU.Build.0 = Release|Any CPU
	EndGlobalSection
	GlobalSection(SolutionProperties) = preSolution
		HideSolutionNode = FALSE
	EndGlobalSection
	GlobalSection(ExtensibilityGlobals) = postSolution
		SolutionGuid = {3C15CF2D-761C-41F0-960C-5FCD2C7869B5}
	EndGlobalSection
EndGlobal
